{
  "name": "practice-npm",
  "version": "1.0.0",
  "lockfileVersion": 3,
  "requires": true,
  "packages": {
    "": {
      "name": "practice-npm",
      "version": "1.0.0",
      "license": "GPL-3.0",
      "dependencies": {
        "dayjs": "^1.11.9",
        "micromodal": "^0.4.10",
        "timezones-list": "^3.0.2"
      }
    },
    "node_modules/dayjs": {
      "version": "1.11.9",
      "resolved": "https://registry.npmjs.org/dayjs/-/dayjs-1.11.9.tgz",
      "integrity": "sha512-QvzAURSbQ0pKdIye2txOzNaHmxtUBXerpY0FJsFXUMKbIZeFm5ht1LS/jFsrncjnmtv8HsG0W2g6c0zUjZWmpA=="
    },
    "node_modules/micromodal": {
      "version": "0.4.10",
      "resolved": "https://registry.npmjs.org/micromodal/-/micromodal-0.4.10.tgz",
      "integrity": "sha512-BUrEnzMPFBwK8nOE4xUDYHLrlGlLULQVjpja99tpJQPSUEWgw3kTLp1n1qv0HmKU29AiHE7Y7sMLiRziDK4ghQ==",
      "engines": {
        "node": ">=10"
      }
    },
    "node_modules/timezones-list": {
      "version": "3.0.2",
      "resolved": "https://registry.npmjs.org/timezones-list/-/timezones-list-3.0.2.tgz",
      "integrity": "sha512-I698hm6Jp/xxkwyTSOr39pZkYKETL8LDJeSIhjxXBfPUAHM5oZNuQ4o9UK3PSkDBOkjATecSOBb3pR1IkIBUsg=="
    }
  }
}
